// !$*UTF8*$!
{
	archiveVersion = 1;
	classes = {
	};
	objectVersion = 50;
	objects = {

/* Begin PBXBuildFile section */
		0729C19524CCB4B5003A4025 /* Views.swift in Sources */ = {isa = PBXBuildFile; fileRef = 0729C19424CCB4B5003A4025 /* Views.swift */; };
		072A935524C7142A0071B7E5 /* CountDown.swift in Sources */ = {isa = PBXBuildFile; fileRef = 072A935424C7142A0071B7E5 /* CountDown.swift */; };
		07345A0924C642470058D5DB /* AppDelegate.swift in Sources */ = {isa = PBXBuildFile; fileRef = 07345A0824C642470058D5DB /* AppDelegate.swift */; };
		07345A0B24C642470058D5DB /* SceneDelegate.swift in Sources */ = {isa = PBXBuildFile; fileRef = 07345A0A24C642470058D5DB /* SceneDelegate.swift */; };
		07345A0D24C642470058D5DB /* ContentView.swift in Sources */ = {isa = PBXBuildFile; fileRef = 07345A0C24C642470058D5DB /* ContentView.swift */; };
		07345A0F24C642470058D5DB /* Assets.xcassets in Resources */ = {isa = PBXBuildFile; fileRef = 07345A0E24C642470058D5DB /* Assets.xcassets */; };
		07345A1224C642470058D5DB /* Preview Assets.xcassets in Resources */ = {isa = PBXBuildFile; fileRef = 07345A1124C642470058D5DB /* Preview Assets.xcassets */; };
		07345A1524C642470058D5DB /* LaunchScreen.storyboard in Resources */ = {isa = PBXBuildFile; fileRef = 07345A1324C642470058D5DB /* LaunchScreen.storyboard */; };
		074202C024CDAA9C00B4A8EF /* TimeProcessing.swift in Sources */ = {isa = PBXBuildFile; fileRef = 074202BF24CDAA9C00B4A8EF /* TimeProcessing.swift */; };
		075CA22224FED5C9000A6B44 /* 1.mp3 in Resources */ = {isa = PBXBuildFile; fileRef = 075CA22124FED5C9000A6B44 /* 1.mp3 */; };
		079E36DF24FED178006E164C /* SwiftLoader.swift in Sources */ = {isa = PBXBuildFile; fileRef = 079E36DE24FED178006E164C /* SwiftLoader.swift */; };
/* End PBXBuildFile section */

/* Begin PBXFileReference section */
		0729C19424CCB4B5003A4025 /* Views.swift */ = {isa = PBXFileReference; lastKnownFileType = sourcecode.swift; path = Views.swift; sourceTree = "<group>"; };
		072A935424C7142A0071B7E5 /* CountDown.swift */ = {isa = PBXFileReference; lastKnownFileType = sourcecode.swift; path = CountDown.swift; sourceTree = "<group>"; };
		07345A0524C642470058D5DB /* Stop Watch.app */ = {isa = PBXFileReference; explicitFileType = wrapper.application; includeInIndex = 0; path = "Stop Watch.app"; sourceTree = BUILT_PRODUCTS_DIR; };
		07345A0824C642470058D5DB /* AppDelegate.swift */ = {isa = PBXFileReference; lastKnownFileType = sourcecode.swift; path = AppDelegate.swift; sourceTree = "<group>"; };
		07345A0A24C642470058D5DB /* SceneDelegate.swift */ = {isa = PBXFileReference; lastKnownFileType = sourcecode.swift; path = SceneDelegate.swift; sourceTree = "<group>"; };
		07345A0C24C642470058D5DB /* ContentView.swift */ = {isa = PBXFileReference; lastKnownFileType = sourcecode.swift; path = ContentView.swift; sourceTree = "<group>"; };
		07345A0E24C642470058D5DB /* Assets.xcassets */ = {isa = PBXFileReference; lastKnownFileType = folder.assetcatalog; path = Assets.xcassets; sourceTree = "<group>"; };
		07345A1124C642470058D5DB /* Preview Assets.xcassets */ = {isa = PBXFileReference; lastKnownFileType = folder.assetcatalog; path = "Preview Assets.xcassets"; sourceTree = "<group>"; };
		07345A1424C642470058D5DB /* Base */ = {isa = PBXFileReference; lastKnownFileType = file.storyboard; name = Base; path = Base.lproj/LaunchScreen.storyboard; sourceTree = "<group>"; };
		07345A1624C642470058D5DB /* Info.plist */ = {isa = PBXFileReference; lastKnownFileType = text.plist.xml; path = Info.plist; sourceTree = "<group>"; };
		074202BF24CDAA9C00B4A8EF /* TimeProcessing.swift */ = {isa = PBXFileReference; lastKnownFileType = sourcecode.swift; path = TimeProcessing.swift; sourceTree = "<group>"; };
		075CA22124FED5C9000A6B44 /* 1.mp3 */ = {isa = PBXFileReference; lastKnownFileType = audio.mp3; path = 1.mp3; sourceTree = "<group>"; };
		079E36DE24FED178006E164C /* SwiftLoader.swift */ = {isa = PBXFileReference; lastKnownFileType = sourcecode.swift; path = SwiftLoader.swift; sourceTree = "<group>"; };
/* End PBXFileReference section */

/* Begin PBXFrameworksBuildPhase section */
		07345A0224C642470058D5DB /* Frameworks */ = {
			isa = PBXFrameworksBuildPhase;
			buildActionMask = 2147483647;
			files = (
			);
			runOnlyForDeploymentPostprocessing = 0;
		};
/* End PBXFrameworksBuildPhase section */

/* Begin PBXGroup section */
		072B322124CCB6F40042F44B /* Designs */ = {
			isa = PBXGroup;
			children = (
				0729C19424CCB4B5003A4025 /* Views.swift */,
				075CA22124FED5C9000A6B44 /* 1.mp3 */,
			);
			path = Designs;
			sourceTree = "<group>";
		};
		072B322224CCB70A0042F44B /* Controller */ = {
			isa = PBXGroup;
			children = (
				079E36DE24FED178006E164C /* SwiftLoader.swift */,
				07345A0C24C642470058D5DB /* ContentView.swift */,
				072A935424C7142A0071B7E5 /* CountDown.swift */,
				074202BF24CDAA9C00B4A8EF /* TimeProcessing.swift */,
			);
			path = Controller;
			sourceTree = "<group>";
		};
		073459FC24C642470058D5DB = {
			isa = PBXGroup;
			children = (
				07345A0724C642470058D5DB /* Stop Watch */,
				07345A0624C642470058D5DB /* Products */,
			);
			sourceTree = "<group>";
		};
		07345A0624C642470058D5DB /* Products */ = {
			isa = PBXGroup;
			children = (
				07345A0524C642470058D5DB /* Stop Watch.app */,
			);
			name = Products;
			sourceTree = "<group>";
		};
		07345A0724C642470058D5DB /* Stop Watch */ = {
			isa = PBXGroup;
			children = (
				07345A0824C642470058D5DB /* AppDelegate.swift */,
				07345A0A24C642470058D5DB /* SceneDelegate.swift */,
				072B322224CCB70A0042F44B /* Controller */,
				072B322124CCB6F40042F44B /* Designs */,
				07345A0E24C642470058D5DB /* Assets.xcassets */,
				07345A1324C642470058D5DB /* LaunchScreen.storyboard */,
				07345A1624C642470058D5DB /* Info.plist */,
				07345A1024C642470058D5DB /* Preview Content */,
			);
			path = "Stop Watch";
			sourceTree = "<group>";
		};
		07345A1024C642470058D5DB /* Preview Content */ = {
			isa = PBXGroup;
			children = (
				07345A1124C642470058D5DB /* Preview Assets.xcassets */,
			);
			path = "Preview Content";
			sourceTree = "<group>";
		};
/* End PBXGroup section */

/* Begin PBXNativeTarget section */
		07345A0424C642470058D5DB /* Stop Watch */ = {
			isa = PBXNativeTarget;
			buildConfigurationList = 07345A1924C642470058D5DB /* Build configuration list for PBXNativeTarget "Stop Watch" */;
			buildPhases = (
				07345A0124C642470058D5DB /* Sources */,
				07345A0224C642470058D5DB /* Frameworks */,
				07345A0324C642470058D5DB /* Resources */,
			);
			buildRules = (
			);
			dependencies = (
			);
			name = "Stop Watch";
			productName = "Stop Watch";
			productReference = 07345A0524C642470058D5DB /* Stop Watch.app */;
			productType = "com.apple.product-type.application";
		};
/* End PBXNativeTarget section */

/* Begin PBXProject section */
		073459FD24C642470058D5DB /* Project object */ = {
			isa = PBXProject;
			attributes = {
				LastSwiftUpdateCheck = 1110;
				LastUpgradeCheck = 1110;
				ORGANIZATIONNAME = HadyOrg;
				TargetAttributes = {
					07345A0424C642470058D5DB = {
						CreatedOnToolsVersion = 11.1;
					};
				};
			};
			buildConfigurationList = 07345A0024C642470058D5DB /* Build configuration list for PBXProject "Stop Watch" */;
			compatibilityVersion = "Xcode 9.3";
			developmentRegion = en;
			hasScannedForEncodings = 0;
			knownRegions = (
				en,
				Base,
			);
			mainGroup = 073459FC24C642470058D5DB;
			productRefGroup = 07345A0624C642470058D5DB /* Products */;
			projectDirPath = "";
			projectRoot = "";
			targets = (
				07345A0424C642470058D5DB /* Stop Watch */,
			);
		};
/* End PBXProject section */

/* Begin PBXResourcesBuildPhase section */
		07345A0324C642470058D5DB /* Resources */ = {
			isa = PBXResourcesBuildPhase;
			buildActionMask = 2147483647;
			files = (
				075CA22224FED5C9000A6B44 /* 1.mp3 in Resources */,
				07345A1524C642470058D5DB /* LaunchScreen.storyboard in Resources */,
				07345A1224C642470058D5DB /* Preview Assets.xcassets in Resources */,
				07345A0F24C642470058D5DB /* Assets.xcassets in Resources */,
			);
			runOnlyForDeploymentPostprocessing = 0;
		};
/* End PBXResourcesBuildPhase section */

/* Begin PBXSourcesBuildPhase section */
		07345A0124C642470058D5DB /* Sources */ = {
			isa = PBXSourcesBuildPhase;
			buildActionMask = 2147483647;
			files = (
				07345A0924C642470058D5DB /* AppDelegate.swift in Sources */,
				07345A0B24C642470058D5DB /* SceneDelegate.swift in Sources */,
				07345A0D24C642470058D5DB /* ContentView.swift in Sources */,
				0729C19524CCB4B5003A4025 /* Views.swift in Sources */,
				079E36DF24FED178006E164C /* SwiftLoader.swift in Sources */,
				072A935524C7142A0071B7E5 /* CountDown.swift in Sources */,
				074202C024CDAA9C00B4A8EF /* TimeProcessing.swift in Sources */,
			);
			runOnlyForDeploymentPostprocessing = 0;
		};
/* End PBXSourcesBuildPhase section */

/* Begin PBXVariantGroup section */
		07345A1324C642470058D5DB /* LaunchScreen.storyboard */ = {
			isa = PBXVariantGroup;
			children = (
				07345A1424C642470058D5DB /* Base */,
			);
			name = LaunchScreen.storyboard;
			sourceTree = "<group>";
		};
/* End PBXVariantGroup section */

/* Begin XCBuildConfiguration section */
		07345A1724C642470058D5DB /* Debug */ = {
			isa = XCBuildConfiguration;
			buildSettings = {
				ALWAYS_SEARCH_USER_PATHS = NO;
				CLANG_ANALYZER_NONNULL = YES;
				CLANG_ANALYZER_NUMBER_OBJECT_CONVERSION = YES_AGGRESSIVE;
				CLANG_CXX_LANGUAGE_STANDARD = "gnu++14";
				CLANG_CXX_LIBRARY = "libc++";
				CLANG_ENABLE_MODULES = YES;
				CLANG_ENABLE_OBJC_ARC = YES;
				CLANG_ENABLE_OBJC_WEAK = YES;
				CLANG_WARN_BLOCK_CAPTURE_AUTORELEASING = YES;
				CLANG_WARN_BOOL_CONVERSION = YES;
				CLANG_WARN_COMMA = YES;
				CLANG_WARN_CONSTANT_CONVERSION = YES;
				CLANG_WARN_DEPRECATED_OBJC_IMPLEMENTATIONS = YES;
				CLANG_WARN_DIRECT_OBJC_ISA_USAGE = YES_ERROR;
				CLANG_WARN_DOCUMENTATION_COMMENTS = YES;
				CLANG_WARN_EMPTY_BODY = YES;
				CLANG_WARN_ENUM_CONVERSION = YES;
				CLANG_WARN_INFINITE_RECURSION = YES;
				CLANG_WARN_INT_CONVERSION = YES;
				CLANG_WARN_NON_LITERAL_NULL_CONVERSION = YES;
				CLANG_WARN_OBJC_IMPLICIT_RETAIN_SELF = YES;
				CLANG_WARN_OBJC_LITERAL_CONVERSION = YES;
				CLANG_WARN_OBJC_ROOT_CLASS = YES_ERROR;
				CLANG_WARN_RANGE_LOOP_ANALYSIS = YES;
				CLANG_WARN_STRICT_PROTOTYPES = YES;
				CLANG_WARN_SUSPICIOUS_MOVE = YES;
				CLANG_WARN_UNGUARDED_AVAILABILITY = YES_AGGRESSIVE;
				CLANG_WARN_UNREACHABLE_CODE = YES;
				CLANG_WARN__DUPLICATE_METHOD_MATCH = YES;
				COPY_PHASE_STRIP = NO;
				DEBUG_INFORMATION_FORMAT = dwarf;
				ENABLE_STRICT_OBJC_MSGSEND = YES;
				ENABLE_TESTABILITY = YES;
				GCC_C_LANGUAGE_STANDARD = gnu11;
				GCC_DYNAMIC_NO_PIC = NO;
				GCC_NO_COMMON_BLOCKS = YES;
				GCC_OPTIMIZATION_LEVEL = 0;
				GCC_PREPROCESSOR_DEFINITIONS = (
					"DEBUG=1",
					"$(inherited)",
				);
				GCC_WARN_64_TO_32_BIT_CONVERSION = YES;
				GCC_WARN_ABOUT_RETURN_TYPE = YES_ERROR;
				GCC_WARN_UNDECLARED_SELECTOR = YES;
				GCC_WARN_UNINITIALIZED_AUTOS = YES_AGGRESSIVE;
				GCC_WARN_UNUSED_FUNCTION = YES;
				GCC_WARN_UNUSED_VARIABLE = YES;
				IPHONEOS_DEPLOYMENT_TARGET = 13.1;
				MTL_ENABLE_DEBUG_INFO = INCLUDE_SOURCE;
				MTL_FAST_MATH = YES;
				ONLY_ACTIVE_ARCH = YES;
				SDKROOT = iphoneos;
				SWIFT_ACTIVE_COMPILATION_CONDITIONS = DEBUG;
				SWIFT_OPTIMIZATION_LEVEL = "-Onone";
			};
			name = Debug;
		};
		07345A1824C642470058D5DB /* Release */ = {
			isa = XCBuildConfiguration;
			buildSettings = {
				ALWAYS_SEARCH_USER_PATHS = NO;
				CLANG_ANALYZER_NONNULL = YES;
				CLANG_ANALYZER_NUMBER_OBJECT_CONVERSION = YES_AGGRESSIVE;
				CLANG_CXX_LANGUAGE_STANDARD = "gnu++14";
				CLANG_CXX_LIBRARY = "libc++";
				CLANG_ENABLE_MODULES = YES;
				CLANG_ENABLE_OBJC_ARC = YES;
				CLANG_ENABLE_OBJC_WEAK = YES;
				CLANG_WARN_BLOCK_CAPTURE_AUTORELEASING = YES;
				CLANG_WARN_BOOL_CONVERSION = YES;
				CLANG_WARN_COMMA = YES;
				CLANG_WARN_CONSTANT_CONVERSION = YES;
				CLANG_WARN_DEPRECATED_OBJC_IMPLEMENTATIONS = YES;
				CLANG_WARN_DIRECT_OBJC_ISA_USAGE = YES_ERROR;
				CLANG_WARN_DOCUMENTATION_COMMENTS = YES;
				CLANG_WARN_EMPTY_BODY = YES;
				CLANG_WARN_ENUM_CONVERSION = YES;
				CLANG_WARN_INFINITE_RECURSION = YES;
				CLANG_WARN_INT_CONVERSION = YES;
				CLANG_WARN_NON_LITERAL_NULL_CONVERSION = YES;
				CLANG_WARN_OBJC_IMPLICIT_RETAIN_SELF = YES;
				CLANG_WARN_OBJC_LITERAL_CONVERSION = YES;
				CLANG_WARN_OBJC_ROOT_CLASS = YES_ERROR;
				CLANG_WARN_RANGE_LOOP_ANALYSIS = YES;
				CLANG_WARN_STRICT_PROTOTYPES = YES;
				CLANG_WARN_SUSPICIOUS_MOVE = YES;
				CLANG_WARN_UNGUARDED_AVAILABILITY = YES_AGGRESSIVE;
				CLANG_WARN_UNREACHABLE_CODE = YES;
				CLANG_WARN__DUPLICATE_METHOD_MATCH = YES;
				COPY_PHASE_STRIP = NO;
				DEBUG_INFORMATION_FORMAT = "dwarf-with-dsym";
				ENABLE_NS_ASSERTIONS = NO;
				ENABLE_STRICT_OBJC_MSGSEND = YES;
				GCC_C_LANGUAGE_STANDARD = gnu11;
				GCC_NO_COMMON_BLOCKS = YES;
				GCC_WARN_64_TO_32_BIT_CONVERSION = YES;
				GCC_WARN_ABOUT_RETURN_TYPE = YES_ERROR;
				GCC_WARN_UNDECLARED_SELECTOR = YES;
				GCC_WARN_UNINITIALIZED_AUTOS = YES_AGGRESSIVE;
				GCC_WARN_UNUSED_FUNCTION = YES;
				GCC_WARN_UNUSED_VARIABLE = YES;
				IPHONEOS_DEPLOYMENT_TARGET = 13.1;
				MTL_ENABLE_DEBUG_INFO = NO;
				MTL_FAST_MATH = YES;
				SDKROOT = iphoneos;
				SWIFT_COMPILATION_MODE = wholemodule;
				SWIFT_OPTIMIZATION_LEVEL = "-O";
				VALIDATE_PRODUCT = YES;
			};
			name = Release;
		};
		07345A1A24C642470058D5DB /* Debug */ = {
			isa = XCBuildConfiguration;
			buildSettings = {
				ASSETCATALOG_COMPILER_APPICON_NAME = AppIcon;
				CODE_SIGN_STYLE = Automatic;
				DEVELOPMENT_ASSET_PATHS = "\"Stop Watch/Preview Content\"";
				ENABLE_PREVIEWS = YES;
				INFOPLIST_FILE = "Stop Watch/Info.plist";
				IPHONEOS_DEPLOYMENT_TARGET = 13.0;
				LD_RUNPATH_SEARCH_PATHS = (
					"$(inherited)",
					"@executable_path/Frameworks",
				);
				PRODUCT_BUNDLE_IDENTIFIER = "com.HadyOrgwalkersound.Stop-Watch";
				PRODUCT_NAME = "$(TARGET_NAME)";
				SWIFT_VERSION = 5.0;
				TARGETED_DEVICE_FAMILY = "1,2";
			};
			name = Debug;
		};
		07345A1B24C642470058D5DB /* Release */ = {
			isa = XCBuildConfiguration;
			buildSettings = {
				ASSETCATALOG_COMPILER_APPICON_NAME = AppIcon;
				CODE_SIGN_STYLE = Automatic;
				DEVELOPMENT_ASSET_PATHS = "\"Stop Watch/Preview Content\"";
				ENABLE_PREVIEWS = YES;
				INFOPLIST_FILE = "Stop Watch/Info.plist";
				IPHONEOS_DEPLOYMENT_TARGET = 13.0;
				LD_RUNPATH_SEARCH_PATHS = (
					"$(inherited)",
					"@executable_path/Frameworks",
				);
				PRODUCT_BUNDLE_IDENTIFIER = "com.HadyOrgwalkersound.Stop-Watch";
				PRODUCT_NAME = "$(TARGET_NAME)";
				SWIFT_VERSION = 5.0;
				TARGETED_DEVICE_FAMILY = "1,2";
			};
			name = Release;
		};
/* End XCBuildConfiguration section */

/* Begin XCConfigurationList section */
		07345A0024C642470058D5DB /* Build configuration list for PBXProject "Stop Watch" */ = {
			isa = XCConfigurationList;
			buildConfigurations = (
				07345A1724C642470058D5DB /* Debug */,
				07345A1824C642470058D5DB /* Release */,
			);
			defaultConfigurationIsVisible = 0;
			defaultConfigurationName = Release;
		};
		07345A1924C642470058D5DB /* Build configuration list for PBXNativeTarget "Stop Watch" */ = {
			isa = XCConfigurationList;
			buildConfigurations = (
				07345A1A24C642470058D5DB /* Debug */,
				07345A1B24C642470058D5DB /* Release */,
			);
			defaultConfigurationIsVisible = 0;
			defaultConfigurationName = Release;
		};
/* End XCConfigurationList section */
	};
	rootObject = 073459FD24C642470058D5DB /* Project object */;
}
